
Microsoft Visual Studio Solution File, Format Version 12.00
# Visual Studio Version 17
VisualStudioVersion = 17.3.32825.248
MinimumVisualStudioVersion = 10.0.40219.1
Project("{FAE04EC0-301F-11D3-BF4B-00C04F79EFBC}") = "001_bmi", "001_bmi\001_bmi.csproj", "{3992092E-8981-4417-876F-CE5348F6CEB1}"
EndProject
Project("{FAE04EC0-301F-11D3-BF4B-00C04F79EFBC}") = "002_bmi", "002_bmi\002_bmi.csproj", "{64E53E96-94F9-4349-B2D5-835FA3328BE1}"
EndProject
Project("{FAE04EC0-301F-11D3-BF4B-00C04F79EFBC}") = "ConsoleApp1", "ConsoleApp1\ConsoleApp1.csproj", "{B74D9EA3-7D2F-4D6A-9EEB-B5B082F03970}"
EndProject
Global
	GlobalSection(SolutionConfigurationPlatforms) = preSolution
		Debug|Any CPU = Debug|Any CPU
		Release|Any CPU = Release|Any CPU
	EndGlobalSection
	GlobalSection(ProjectConfigurationPlatforms) = postSolution
		{3992092E-8981-4417-876F-CE5348F6CEB1}.Debug|Any CPU.ActiveCfg = Debug|Any CPU
		{3992092E-8981-4417-876F-CE5348F6CEB1}.Debug|Any CPU.Build.0 = Debug|Any CPU
		{3992092E-8981-4417-876F-CE5348F6CEB1}.Release|Any CPU.ActiveCfg = Release|Any CPU
		{3992092E-8981-4417-876F-CE5348F6CEB1}.Release|Any CPU.Build.0 = Release|Any CPU
		{64E53E96-94F9-4349-B2D5-835FA3328BE1}.Debug|Any CPU.ActiveCfg = Debug|Any CPU
		{64E53E96-94F9-4349-B2D5-835FA3328BE1}.Debug|Any CPU.Build.0 = Debug|Any CPU
		{64E53E96-94F9-4349-B2D5-835FA3328BE1}.Release|Any CPU.ActiveCfg = Release|Any CPU
		{64E53E96-94F9-4349-B2D5-835FA3328BE1}.Release|Any CPU.Build.0 = Release|Any CPU
		{B74D9EA3-7D2F-4D6A-9EEB-B5B082F03970}.Debug|Any CPU.ActiveCfg = Debug|Any CPU
		{B74D9EA3-7D2F-4D6A-9EEB-B5B082F03970}.Debug|Any CPU.Build.0 = Debug|Any CPU
		{B74D9EA3-7D2F-4D6A-9EEB-B5B082F03970}.Release|Any CPU.ActiveCfg = Release|Any CPU
		{B74D9EA3-7D2F-4D6A-9EEB-B5B082F03970}.Release|Any CPU.Build.0 = Release|Any CPU
	EndGlobalSection
	GlobalSection(SolutionProperties) = preSolution
		HideSolutionNode = FALSE
	EndGlobalSection
	GlobalSection(ExtensibilityGlobals) = postSolution
		SolutionGuid = {0572EED1-7EAE-4CAE-A9A0-EB92B7D49213}
	EndGlobalSection
EndGlobal
